// !$*UTF8*$!
{
	archiveVersion = 1;
	classes = {
	};
	objectVersion = 52;
	objects = {

/* Begin PBXBuildFile section */
		C70C7EF6250E7A82007F2377 /* Assets.xcassets in Resources */ = {isa = PBXBuildFile; fileRef = C70C7EF5250E7A82007F2377 /* Assets.xcassets */; };
		C70C7EF9250E7A82007F2377 /* Preview Assets.xcassets in Resources */ = {isa = PBXBuildFile; fileRef = C70C7EF8250E7A82007F2377 /* Preview Assets.xcassets */; };
		C70C7EFC250E7A82007F2377 /* LaunchScreen.storyboard in Resources */ = {isa = PBXBuildFile; fileRef = C70C7EFA250E7A82007F2377 /* LaunchScreen.storyboard */; };
		C70C7F07250E7A82007F2377 /* VideoStreamTests.swift in Sources */ = {isa = PBXBuildFile; fileRef = C70C7F06250E7A82007F2377 /* VideoStreamTests.swift */; };
		C70C7F12250E7A83007F2377 /* VideoStreamUITests.swift in Sources */ = {isa = PBXBuildFile; fileRef = C70C7F11250E7A83007F2377 /* VideoStreamUITests.swift */; };
		C70C7F21250E7B52007F2377 /* KingfisherSwiftUI in Frameworks */ = {isa = PBXBuildFile; productRef = C70C7F20250E7B52007F2377 /* KingfisherSwiftUI */; };
		C70C7F5A250EE414007F2377 /* VideoStreamViewModel.swift in Sources */ = {isa = PBXBuildFile; fileRef = C70C7F40250EE414007F2377 /* VideoStreamViewModel.swift */; };
		C70C7F5B250EE414007F2377 /* PageView.swift in Sources */ = {isa = PBXBuildFile; fileRef = C70C7F41250EE414007F2377 /* PageView.swift */; };
		C70C7F5C250EE414007F2377 /* AppDelegate.swift in Sources */ = {isa = PBXBuildFile; fileRef = C70C7F43250EE414007F2377 /* AppDelegate.swift */; };
		C70C7F5D250EE414007F2377 /* SceneDelegate.swift in Sources */ = {isa = PBXBuildFile; fileRef = C70C7F44250EE414007F2377 /* SceneDelegate.swift */; };
		C70C7F5E250EE414007F2377 /* MetaData.swift in Sources */ = {isa = PBXBuildFile; fileRef = C70C7F46250EE414007F2377 /* MetaData.swift */; };
		C70C7F5F250EE414007F2377 /* MediaData.swift in Sources */ = {isa = PBXBuildFile; fileRef = C70C7F47250EE414007F2377 /* MediaData.swift */; };
		C70C7F60250EE414007F2377 /* ItemData.swift in Sources */ = {isa = PBXBuildFile; fileRef = C70C7F48250EE414007F2377 /* ItemData.swift */; };
		C70C7F64250EE414007F2377 /* FeedMetaData.swift in Sources */ = {isa = PBXBuildFile; fileRef = C70C7F4C250EE414007F2377 /* FeedMetaData.swift */; };
		C70C7F65250EE414007F2377 /* PagingData.swift in Sources */ = {isa = PBXBuildFile; fileRef = C70C7F4D250EE414007F2377 /* PagingData.swift */; };
		C70C7F66250EE414007F2377 /* VideoStream.swift in Sources */ = {isa = PBXBuildFile; fileRef = C70C7F4E250EE414007F2377 /* VideoStream.swift */; };
		C70C7F67250EE414007F2377 /* PublicationData.swift in Sources */ = {isa = PBXBuildFile; fileRef = C70C7F4F250EE414007F2377 /* PublicationData.swift */; };
		C70C7F68250EE414007F2377 /* Sections.swift in Sources */ = {isa = PBXBuildFile; fileRef = C70C7F50250EE414007F2377 /* Sections.swift */; };
		C70C7F69250EE414007F2377 /* PageControl.swift in Sources */ = {isa = PBXBuildFile; fileRef = C70C7F52250EE414007F2377 /* PageControl.swift */; };
		C70C7F6A250EE414007F2377 /* PageViewController.swift in Sources */ = {isa = PBXBuildFile; fileRef = C70C7F53250EE414007F2377 /* PageViewController.swift */; };
		C70C7F75250EE4E8007F2377 /* VideoRow.swift in Sources */ = {isa = PBXBuildFile; fileRef = C70C7F72250EE4E8007F2377 /* VideoRow.swift */; };
		C70C7F79250EE565007F2377 /* WebService.swift in Sources */ = {isa = PBXBuildFile; fileRef = C70C7F78250EE565007F2377 /* WebService.swift */; };
		C70C7F7D250EE819007F2377 /* TabbedView.swift in Sources */ = {isa = PBXBuildFile; fileRef = C70C7F73250EE4E8007F2377 /* TabbedView.swift */; };
		C70C7F7E250EE81B007F2377 /* VideoItem.swift in Sources */ = {isa = PBXBuildFile; fileRef = C70C7F74250EE4E8007F2377 /* VideoItem.swift */; };
		C70C7F80250EE8F3007F2377 /* VideoStreamView.swift in Sources */ = {isa = PBXBuildFile; fileRef = C70C7F7F250EE8F3007F2377 /* VideoStreamView.swift */; };
/* End PBXBuildFile section */

/* Begin PBXContainerItemProxy section */
		C70C7F03250E7A82007F2377 /* PBXContainerItemProxy */ = {
			isa = PBXContainerItemProxy;
			containerPortal = C70C7EE4250E7A80007F2377 /* Project object */;
			proxyType = 1;
			remoteGlobalIDString = C70C7EEB250E7A81007F2377;
			remoteInfo = VideoStream;
		};
		C70C7F0E250E7A83007F2377 /* PBXContainerItemProxy */ = {
			isa = PBXContainerItemProxy;
			containerPortal = C70C7EE4250E7A80007F2377 /* Project object */;
			proxyType = 1;
			remoteGlobalIDString = C70C7EEB250E7A81007F2377;
			remoteInfo = VideoStream;
		};
/* End PBXContainerItemProxy section */

/* Begin PBXFileReference section */
		C70C7EEC250E7A81007F2377 /* VideoStream.app */ = {isa = PBXFileReference; explicitFileType = wrapper.application; includeInIndex = 0; path = VideoStream.app; sourceTree = BUILT_PRODUCTS_DIR; };
		C70C7EF5250E7A82007F2377 /* Assets.xcassets */ = {isa = PBXFileReference; lastKnownFileType = folder.assetcatalog; path = Assets.xcassets; sourceTree = "<group>"; };
		C70C7EF8250E7A82007F2377 /* Preview Assets.xcassets */ = {isa = PBXFileReference; lastKnownFileType = folder.assetcatalog; path = "Preview Assets.xcassets"; sourceTree = "<group>"; };
		C70C7EFB250E7A82007F2377 /* Base */ = {isa = PBXFileReference; lastKnownFileType = file.storyboard; name = Base; path = Base.lproj/LaunchScreen.storyboard; sourceTree = "<group>"; };
		C70C7EFD250E7A82007F2377 /* Info.plist */ = {isa = PBXFileReference; lastKnownFileType = text.plist.xml; path = Info.plist; sourceTree = "<group>"; };
		C70C7F02250E7A82007F2377 /* VideoStreamTests.xctest */ = {isa = PBXFileReference; explicitFileType = wrapper.cfbundle; includeInIndex = 0; path = VideoStreamTests.xctest; sourceTree = BUILT_PRODUCTS_DIR; };
		C70C7F06250E7A82007F2377 /* VideoStreamTests.swift */ = {isa = PBXFileReference; lastKnownFileType = sourcecode.swift; path = VideoStreamTests.swift; sourceTree = "<group>"; };
		C70C7F08250E7A82007F2377 /* Info.plist */ = {isa = PBXFileReference; lastKnownFileType = text.plist.xml; path = Info.plist; sourceTree = "<group>"; };
		C70C7F0D250E7A83007F2377 /* VideoStreamUITests.xctest */ = {isa = PBXFileReference; explicitFileType = wrapper.cfbundle; includeInIndex = 0; path = VideoStreamUITests.xctest; sourceTree = BUILT_PRODUCTS_DIR; };
		C70C7F11250E7A83007F2377 /* VideoStreamUITests.swift */ = {isa = PBXFileReference; lastKnownFileType = sourcecode.swift; path = VideoStreamUITests.swift; sourceTree = "<group>"; };
		C70C7F13250E7A83007F2377 /* Info.plist */ = {isa = PBXFileReference; lastKnownFileType = text.plist.xml; path = Info.plist; sourceTree = "<group>"; };
		C70C7F40250EE414007F2377 /* VideoStreamViewModel.swift */ = {isa = PBXFileReference; fileEncoding = 4; lastKnownFileType = sourcecode.swift; name = VideoStreamViewModel.swift; path = ../View/VideoStreamViewModel.swift; sourceTree = "<group>"; };
		C70C7F41250EE414007F2377 /* PageView.swift */ = {isa = PBXFileReference; fileEncoding = 4; lastKnownFileType = sourcecode.swift; path = PageView.swift; sourceTree = "<group>"; };
		C70C7F43250EE414007F2377 /* AppDelegate.swift */ = {isa = PBXFileReference; fileEncoding = 4; lastKnownFileType = sourcecode.swift; path = AppDelegate.swift; sourceTree = "<group>"; };
		C70C7F44250EE414007F2377 /* SceneDelegate.swift */ = {isa = PBXFileReference; fileEncoding = 4; lastKnownFileType = sourcecode.swift; path = SceneDelegate.swift; sourceTree = "<group>"; };
		C70C7F46250EE414007F2377 /* MetaData.swift */ = {isa = PBXFileReference; fileEncoding = 4; lastKnownFileType = sourcecode.swift; path = MetaData.swift; sourceTree = "<group>"; };
		C70C7F47250EE414007F2377 /* MediaData.swift */ = {isa = PBXFileReference; fileEncoding = 4; lastKnownFileType = sourcecode.swift; path = MediaData.swift; sourceTree = "<group>"; };
		C70C7F48250EE414007F2377 /* ItemData.swift */ = {isa = PBXFileReference; fileEncoding = 4; lastKnownFileType = sourcecode.swift; path = ItemData.swift; sourceTree = "<group>"; };
		C70C7F4C250EE414007F2377 /* FeedMetaData.swift */ = {isa = PBXFileReference; fileEncoding = 4; lastKnownFileType = sourcecode.swift; path = FeedMetaData.swift; sourceTree = "<group>"; };
		C70C7F4D250EE414007F2377 /* PagingData.swift */ = {isa = PBXFileReference; fileEncoding = 4; lastKnownFileType = sourcecode.swift; path = PagingData.swift; sourceTree = "<group>"; };
		C70C7F4E250EE414007F2377 /* VideoStream.swift */ = {isa = PBXFileReference; fileEncoding = 4; lastKnownFileType = sourcecode.swift; path = VideoStream.swift; sourceTree = "<group>"; };
		C70C7F4F250EE414007F2377 /* PublicationData.swift */ = {isa = PBXFileReference; fileEncoding = 4; lastKnownFileType = sourcecode.swift; path = PublicationData.swift; sourceTree = "<group>"; };
		C70C7F50250EE414007F2377 /* Sections.swift */ = {isa = PBXFileReference; fileEncoding = 4; lastKnownFileType = sourcecode.swift; path = Sections.swift; sourceTree = "<group>"; };
		C70C7F52250EE414007F2377 /* PageControl.swift */ = {isa = PBXFileReference; fileEncoding = 4; lastKnownFileType = sourcecode.swift; path = PageControl.swift; sourceTree = "<group>"; };
		C70C7F53250EE414007F2377 /* PageViewController.swift */ = {isa = PBXFileReference; fileEncoding = 4; lastKnownFileType = sourcecode.swift; path = PageViewController.swift; sourceTree = "<group>"; };
		C70C7F72250EE4E8007F2377 /* VideoRow.swift */ = {isa = PBXFileReference; fileEncoding = 4; lastKnownFileType = sourcecode.swift; path = VideoRow.swift; sourceTree = "<group>"; };
		C70C7F73250EE4E8007F2377 /* TabbedView.swift */ = {isa = PBXFileReference; fileEncoding = 4; lastKnownFileType = sourcecode.swift; path = TabbedView.swift; sourceTree = "<group>"; };
		C70C7F74250EE4E8007F2377 /* VideoItem.swift */ = {isa = PBXFileReference; fileEncoding = 4; lastKnownFileType = sourcecode.swift; path = VideoItem.swift; sourceTree = "<group>"; };
		C70C7F78250EE565007F2377 /* WebService.swift */ = {isa = PBXFileReference; fileEncoding = 4; lastKnownFileType = sourcecode.swift; name = WebService.swift; path = ../Model/WebService.swift; sourceTree = "<group>"; };
		C70C7F7F250EE8F3007F2377 /* VideoStreamView.swift */ = {isa = PBXFileReference; fileEncoding = 4; lastKnownFileType = sourcecode.swift; path = VideoStreamView.swift; sourceTree = "<group>"; };
/* End PBXFileReference section */

/* Begin PBXFrameworksBuildPhase section */
		C70C7EE9250E7A81007F2377 /* Frameworks */ = {
			isa = PBXFrameworksBuildPhase;
			buildActionMask = 2147483647;
			files = (
				C70C7F21250E7B52007F2377 /* KingfisherSwiftUI in Frameworks */,
			);
			runOnlyForDeploymentPostprocessing = 0;
		};
		C70C7EFF250E7A82007F2377 /* Frameworks */ = {
			isa = PBXFrameworksBuildPhase;
			buildActionMask = 2147483647;
			files = (
			);
			runOnlyForDeploymentPostprocessing = 0;
		};
		C70C7F0A250E7A83007F2377 /* Frameworks */ = {
			isa = PBXFrameworksBuildPhase;
			buildActionMask = 2147483647;
			files = (
			);
			runOnlyForDeploymentPostprocessing = 0;
		};
/* End PBXFrameworksBuildPhase section */

/* Begin PBXGroup section */
		C70C7EE3250E7A80007F2377 = {
			isa = PBXGroup;
			children = (
				C70C7EEE250E7A81007F2377 /* VideoStream */,
				C70C7F05250E7A82007F2377 /* VideoStreamTests */,
				C70C7F10250E7A83007F2377 /* VideoStreamUITests */,
				C70C7EED250E7A81007F2377 /* Products */,
			);
			sourceTree = "<group>";
		};
		C70C7EED250E7A81007F2377 /* Products */ = {
			isa = PBXGroup;
			children = (
				C70C7EEC250E7A81007F2377 /* VideoStream.app */,
				C70C7F02250E7A82007F2377 /* VideoStreamTests.xctest */,
				C70C7F0D250E7A83007F2377 /* VideoStreamUITests.xctest */,
			);
			name = Products;
			sourceTree = "<group>";
		};
		C70C7EEE250E7A81007F2377 /* VideoStream */ = {
			isa = PBXGroup;
			children = (
				C70C7F45250EE414007F2377 /* Model */,
				C70C7F51250EE414007F2377 /* UIKit View */,
				C70C7F39250EE414007F2377 /* View */,
				C70C7F7A250EE5AC007F2377 /* Service */,
				C70C7F6B250EE436007F2377 /* View Model */,
				C70C7F42250EE414007F2377 /* Supporting Files */,
				C70C7EF5250E7A82007F2377 /* Assets.xcassets */,
				C70C7EFA250E7A82007F2377 /* LaunchScreen.storyboard */,
				C70C7EFD250E7A82007F2377 /* Info.plist */,
				C70C7EF7250E7A82007F2377 /* Preview Content */,
			);
			path = VideoStream;
			sourceTree = "<group>";
		};
		C70C7EF7250E7A82007F2377 /* Preview Content */ = {
			isa = PBXGroup;
			children = (
				C70C7EF8250E7A82007F2377 /* Preview Assets.xcassets */,
			);
			path = "Preview Content";
			sourceTree = "<group>";
		};
		C70C7F05250E7A82007F2377 /* VideoStreamTests */ = {
			isa = PBXGroup;
			children = (
				C70C7F06250E7A82007F2377 /* VideoStreamTests.swift */,
				C70C7F08250E7A82007F2377 /* Info.plist */,
			);
			path = VideoStreamTests;
			sourceTree = "<group>";
		};
		C70C7F10250E7A83007F2377 /* VideoStreamUITests */ = {
			isa = PBXGroup;
			children = (
				C70C7F11250E7A83007F2377 /* VideoStreamUITests.swift */,
				C70C7F13250E7A83007F2377 /* Info.plist */,
			);
			path = VideoStreamUITests;
			sourceTree = "<group>";
		};
		C70C7F39250EE414007F2377 /* View */ = {
			isa = PBXGroup;
			children = (
				C70C7F73250EE4E8007F2377 /* TabbedView.swift */,
				C70C7F7F250EE8F3007F2377 /* VideoStreamView.swift */,
				C70C7F72250EE4E8007F2377 /* VideoRow.swift */,
				C70C7F74250EE4E8007F2377 /* VideoItem.swift */,
				C70C7F41250EE414007F2377 /* PageView.swift */,
			);
			path = View;
			sourceTree = "<group>";
		};
		C70C7F42250EE414007F2377 /* Supporting Files */ = {
			isa = PBXGroup;
			children = (
				C70C7F43250EE414007F2377 /* AppDelegate.swift */,
				C70C7F44250EE414007F2377 /* SceneDelegate.swift */,
			);
			path = "Supporting Files";
			sourceTree = "<group>";
		};
		C70C7F45250EE414007F2377 /* Model */ = {
			isa = PBXGroup;
			children = (
				C70C7F46250EE414007F2377 /* MetaData.swift */,
				C70C7F47250EE414007F2377 /* MediaData.swift */,
				C70C7F48250EE414007F2377 /* ItemData.swift */,
				C70C7F4C250EE414007F2377 /* FeedMetaData.swift */,
				C70C7F4D250EE414007F2377 /* PagingData.swift */,
				C70C7F4E250EE414007F2377 /* VideoStream.swift */,
				C70C7F4F250EE414007F2377 /* PublicationData.swift */,
				C70C7F50250EE414007F2377 /* Sections.swift */,
			);
			path = Model;
			sourceTree = "<group>";
		};
		C70C7F51250EE414007F2377 /* UIKit View */ = {
			isa = PBXGroup;
			children = (
				C70C7F52250EE414007F2377 /* PageControl.swift */,
				C70C7F53250EE414007F2377 /* PageViewController.swift */,
			);
			path = "UIKit View";
			sourceTree = "<group>";
		};
		C70C7F6B250EE436007F2377 /* View Model */ = {
			isa = PBXGroup;
			children = (
				C70C7F40250EE414007F2377 /* VideoStreamViewModel.swift */,
			);
			path = "View Model";
			sourceTree = "<group>";
		};
		C70C7F7A250EE5AC007F2377 /* Service */ = {
			isa = PBXGroup;
			children = (
				C70C7F78250EE565007F2377 /* WebService.swift */,
			);
			path = Service;
			sourceTree = "<group>";
		};
/* End PBXGroup section */

/* Begin PBXNativeTarget section */
		C70C7EEB250E7A81007F2377 /* VideoStream */ = {
			isa = PBXNativeTarget;
			buildConfigurationList = C70C7F16250E7A83007F2377 /* Build configuration list for PBXNativeTarget "VideoStream" */;
			buildPhases = (
				C70C7EE8250E7A81007F2377 /* Sources */,
				C70C7EE9250E7A81007F2377 /* Frameworks */,
				C70C7EEA250E7A81007F2377 /* Resources */,
			);
			buildRules = (
			);
			dependencies = (
			);
			name = VideoStream;
			packageProductDependencies = (
				C70C7F20250E7B52007F2377 /* KingfisherSwiftUI */,
			);
			productName = VideoStream;
			productReference = C70C7EEC250E7A81007F2377 /* VideoStream.app */;
			productType = "com.apple.product-type.application";
		};
		C70C7F01250E7A82007F2377 /* VideoStreamTests */ = {
			isa = PBXNativeTarget;
			buildConfigurationList = C70C7F19250E7A83007F2377 /* Build configuration list for PBXNativeTarget "VideoStreamTests" */;
			buildPhases = (
				C70C7EFE250E7A82007F2377 /* Sources */,
				C70C7EFF250E7A82007F2377 /* Frameworks */,
				C70C7F00250E7A82007F2377 /* Resources */,
			);
			buildRules = (
			);
			dependencies = (
				C70C7F04250E7A82007F2377 /* PBXTargetDependency */,
			);
			name = VideoStreamTests;
			productName = VideoStreamTests;
			productReference = C70C7F02250E7A82007F2377 /* VideoStreamTests.xctest */;
			productType = "com.apple.product-type.bundle.unit-test";
		};
		C70C7F0C250E7A83007F2377 /* VideoStreamUITests */ = {
			isa = PBXNativeTarget;
			buildConfigurationList = C70C7F1C250E7A83007F2377 /* Build configuration list for PBXNativeTarget "VideoStreamUITests" */;
			buildPhases = (
				C70C7F09250E7A83007F2377 /* Sources */,
				C70C7F0A250E7A83007F2377 /* Frameworks */,
				C70C7F0B250E7A83007F2377 /* Resources */,
			);
			buildRules = (
			);
			dependencies = (
				C70C7F0F250E7A83007F2377 /* PBXTargetDependency */,
			);
			name = VideoStreamUITests;
			productName = VideoStreamUITests;
			productReference = C70C7F0D250E7A83007F2377 /* VideoStreamUITests.xctest */;
			productType = "com.apple.product-type.bundle.ui-testing";
		};
/* End PBXNativeTarget section */

/* Begin PBXProject section */
		C70C7EE4250E7A80007F2377 /* Project object */ = {
			isa = PBXProject;
			attributes = {
				LastSwiftUpdateCheck = 1200;
				LastUpgradeCheck = 1200;
				TargetAttributes = {
					C70C7EEB250E7A81007F2377 = {
						CreatedOnToolsVersion = 12.0;
					};
					C70C7F01250E7A82007F2377 = {
						CreatedOnToolsVersion = 12.0;
						TestTargetID = C70C7EEB250E7A81007F2377;
					};
					C70C7F0C250E7A83007F2377 = {
						CreatedOnToolsVersion = 12.0;
						TestTargetID = C70C7EEB250E7A81007F2377;
					};
				};
			};
			buildConfigurationList = C70C7EE7250E7A80007F2377 /* Build configuration list for PBXProject "VideoStream" */;
			compatibilityVersion = "Xcode 9.3";
			developmentRegion = en;
			hasScannedForEncodings = 0;
			knownRegions = (
				en,
				Base,
			);
			mainGroup = C70C7EE3250E7A80007F2377;
			packageReferences = (
				C70C7F1F250E7B51007F2377 /* XCRemoteSwiftPackageReference "Kingfisher" */,
			);
			productRefGroup = C70C7EED250E7A81007F2377 /* Products */;
			projectDirPath = "";
			projectRoot = "";
			targets = (
				C70C7EEB250E7A81007F2377 /* VideoStream */,
				C70C7F01250E7A82007F2377 /* VideoStreamTests */,
				C70C7F0C250E7A83007F2377 /* VideoStreamUITests */,
			);
		};
/* End PBXProject section */

/* Begin PBXResourcesBuildPhase section */
		C70C7EEA250E7A81007F2377 /* Resources */ = {
			isa = PBXResourcesBuildPhase;
			buildActionMask = 2147483647;
			files = (
				C70C7EFC250E7A82007F2377 /* LaunchScreen.storyboard in Resources */,
				C70C7EF9250E7A82007F2377 /* Preview Assets.xcassets in Resources */,
				C70C7EF6250E7A82007F2377 /* Assets.xcassets in Resources */,
			);
			runOnlyForDeploymentPostprocessing = 0;
		};
		C70C7F00250E7A82007F2377 /* Resources */ = {
			isa = PBXResourcesBuildPhase;
			buildActionMask = 2147483647;
			files = (
			);
			runOnlyForDeploymentPostprocessing = 0;
		};
		C70C7F0B250E7A83007F2377 /* Resources */ = {
			isa = PBXResourcesBuildPhase;
			buildActionMask = 2147483647;
			files = (
			);
			runOnlyForDeploymentPostprocessing = 0;
		};
/* End PBXResourcesBuildPhase section */

/* Begin PBXSourcesBuildPhase section */
		C70C7EE8250E7A81007F2377 /* Sources */ = {
			isa = PBXSourcesBuildPhase;
			buildActionMask = 2147483647;
			files = (
				C70C7F5A250EE414007F2377 /* VideoStreamViewModel.swift in Sources */,
				C70C7F7E250EE81B007F2377 /* VideoItem.swift in Sources */,
				C70C7F64250EE414007F2377 /* FeedMetaData.swift in Sources */,
				C70C7F75250EE4E8007F2377 /* VideoRow.swift in Sources */,
				C70C7F5E250EE414007F2377 /* MetaData.swift in Sources */,
				C70C7F7D250EE819007F2377 /* TabbedView.swift in Sources */,
				C70C7F68250EE414007F2377 /* Sections.swift in Sources */,
				C70C7F5B250EE414007F2377 /* PageView.swift in Sources */,
				C70C7F79250EE565007F2377 /* WebService.swift in Sources */,
				C70C7F69250EE414007F2377 /* PageControl.swift in Sources */,
				C70C7F5F250EE414007F2377 /* MediaData.swift in Sources */,
				C70C7F5C250EE414007F2377 /* AppDelegate.swift in Sources */,
				C70C7F65250EE414007F2377 /* PagingData.swift in Sources */,
				C70C7F80250EE8F3007F2377 /* VideoStreamView.swift in Sources */,
				C70C7F6A250EE414007F2377 /* PageViewController.swift in Sources */,
				C70C7F5D250EE414007F2377 /* SceneDelegate.swift in Sources */,
				C70C7F67250EE414007F2377 /* PublicationData.swift in Sources */,
				C70C7F60250EE414007F2377 /* ItemData.swift in Sources */,
				C70C7F66250EE414007F2377 /* VideoStream.swift in Sources */,
			);
			runOnlyForDeploymentPostprocessing = 0;
		};
		C70C7EFE250E7A82007F2377 /* Sources */ = {
			isa = PBXSourcesBuildPhase;
			buildActionMask = 2147483647;
			files = (
				C70C7F07250E7A82007F2377 /* VideoStreamTests.swift in Sources */,
			);
			runOnlyForDeploymentPostprocessing = 0;
		};
		C70C7F09250E7A83007F2377 /* Sources */ = {
			isa = PBXSourcesBuildPhase;
			buildActionMask = 2147483647;
			files = (
				C70C7F12250E7A83007F2377 /* VideoStreamUITests.swift in Sources */,
			);
			runOnlyForDeploymentPostprocessing = 0;
		};
/* End PBXSourcesBuildPhase section */

/* Begin PBXTargetDependency section */
		C70C7F04250E7A82007F2377 /* PBXTargetDependency */ = {
			isa = PBXTargetDependency;
			target = C70C7EEB250E7A81007F2377 /* VideoStream */;
			targetProxy = C70C7F03250E7A82007F2377 /* PBXContainerItemProxy */;
		};
		C70C7F0F250E7A83007F2377 /* PBXTargetDependency */ = {
			isa = PBXTargetDependency;
			target = C70C7EEB250E7A81007F2377 /* VideoStream */;
			targetProxy = C70C7F0E250E7A83007F2377 /* PBXContainerItemProxy */;
		};
/* End PBXTargetDependency section */

/* Begin PBXVariantGroup section */
		C70C7EFA250E7A82007F2377 /* LaunchScreen.storyboard */ = {
			isa = PBXVariantGroup;
			children = (
				C70C7EFB250E7A82007F2377 /* Base */,
			);
			name = LaunchScreen.storyboard;
			sourceTree = "<group>";
		};
/* End PBXVariantGroup section */

/* Begin XCBuildConfiguration section */
		C70C7F14250E7A83007F2377 /* Debug */ = {
			isa = XCBuildConfiguration;
			buildSettings = {
				ALWAYS_SEARCH_USER_PATHS = NO;
				CLANG_ANALYZER_NONNULL = YES;
				CLANG_ANALYZER_NUMBER_OBJECT_CONVERSION = YES_AGGRESSIVE;
				CLANG_CXX_LANGUAGE_STANDARD = "gnu++14";
				CLANG_CXX_LIBRARY = "libc++";
				CLANG_ENABLE_MODULES = YES;
				CLANG_ENABLE_OBJC_ARC = YES;
				CLANG_ENABLE_OBJC_WEAK = YES;
				CLANG_WARN_BLOCK_CAPTURE_AUTORELEASING = YES;
				CLANG_WARN_BOOL_CONVERSION = YES;
				CLANG_WARN_COMMA = YES;
				CLANG_WARN_CONSTANT_CONVERSION = YES;
				CLANG_WARN_DEPRECATED_OBJC_IMPLEMENTATIONS = YES;
				CLANG_WARN_DIRECT_OBJC_ISA_USAGE = YES_ERROR;
				CLANG_WARN_DOCUMENTATION_COMMENTS = YES;
				CLANG_WARN_EMPTY_BODY = YES;
				CLANG_WARN_ENUM_CONVERSION = YES;
				CLANG_WARN_INFINITE_RECURSION = YES;
				CLANG_WARN_INT_CONVERSION = YES;
				CLANG_WARN_NON_LITERAL_NULL_CONVERSION = YES;
				CLANG_WARN_OBJC_IMPLICIT_RETAIN_SELF = YES;
				CLANG_WARN_OBJC_LITERAL_CONVERSION = YES;
				CLANG_WARN_OBJC_ROOT_CLASS = YES_ERROR;
				CLANG_WARN_QUOTED_INCLUDE_IN_FRAMEWORK_HEADER = YES;
				CLANG_WARN_RANGE_LOOP_ANALYSIS = YES;
				CLANG_WARN_STRICT_PROTOTYPES = YES;
				CLANG_WARN_SUSPICIOUS_MOVE = YES;
				CLANG_WARN_UNGUARDED_AVAILABILITY = YES_AGGRESSIVE;
				CLANG_WARN_UNREACHABLE_CODE = YES;
				CLANG_WARN__DUPLICATE_METHOD_MATCH = YES;
				COPY_PHASE_STRIP = NO;
				DEBUG_INFORMATION_FORMAT = dwarf;
				ENABLE_STRICT_OBJC_MSGSEND = YES;
				ENABLE_TESTABILITY = YES;
				GCC_C_LANGUAGE_STANDARD = gnu11;
				GCC_DYNAMIC_NO_PIC = NO;
				GCC_NO_COMMON_BLOCKS = YES;
				GCC_OPTIMIZATION_LEVEL = 0;
				GCC_PREPROCESSOR_DEFINITIONS = (
					"DEBUG=1",
					"$(inherited)",
				);
				GCC_WARN_64_TO_32_BIT_CONVERSION = YES;
				GCC_WARN_ABOUT_RETURN_TYPE = YES_ERROR;
				GCC_WARN_UNDECLARED_SELECTOR = YES;
				GCC_WARN_UNINITIALIZED_AUTOS = YES_AGGRESSIVE;
				GCC_WARN_UNUSED_FUNCTION = YES;
				GCC_WARN_UNUSED_VARIABLE = YES;
				IPHONEOS_DEPLOYMENT_TARGET = 14.0;
				MTL_ENABLE_DEBUG_INFO = INCLUDE_SOURCE;
				MTL_FAST_MATH = YES;
				ONLY_ACTIVE_ARCH = YES;
				SDKROOT = iphoneos;
				SWIFT_ACTIVE_COMPILATION_CONDITIONS = DEBUG;
				SWIFT_OPTIMIZATION_LEVEL = "-Onone";
			};
			name = Debug;
		};
		C70C7F15250E7A83007F2377 /* Release */ = {
			isa = XCBuildConfiguration;
			buildSettings = {
				ALWAYS_SEARCH_USER_PATHS = NO;
				CLANG_ANALYZER_NONNULL = YES;
				CLANG_ANALYZER_NUMBER_OBJECT_CONVERSION = YES_AGGRESSIVE;
				CLANG_CXX_LANGUAGE_STANDARD = "gnu++14";
				CLANG_CXX_LIBRARY = "libc++";
				CLANG_ENABLE_MODULES = YES;
				CLANG_ENABLE_OBJC_ARC = YES;
				CLANG_ENABLE_OBJC_WEAK = YES;
				CLANG_WARN_BLOCK_CAPTURE_AUTORELEASING = YES;
				CLANG_WARN_BOOL_CONVERSION = YES;
				CLANG_WARN_COMMA = YES;
				CLANG_WARN_CONSTANT_CONVERSION = YES;
				CLANG_WARN_DEPRECATED_OBJC_IMPLEMENTATIONS = YES;
				CLANG_WARN_DIRECT_OBJC_ISA_USAGE = YES_ERROR;
				CLANG_WARN_DOCUMENTATION_COMMENTS = YES;
				CLANG_WARN_EMPTY_BODY = YES;
				CLANG_WARN_ENUM_CONVERSION = YES;
				CLANG_WARN_INFINITE_RECURSION = YES;
				CLANG_WARN_INT_CONVERSION = YES;
				CLANG_WARN_NON_LITERAL_NULL_CONVERSION = YES;
				CLANG_WARN_OBJC_IMPLICIT_RETAIN_SELF = YES;
				CLANG_WARN_OBJC_LITERAL_CONVERSION = YES;
				CLANG_WARN_OBJC_ROOT_CLASS = YES_ERROR;
				CLANG_WARN_QUOTED_INCLUDE_IN_FRAMEWORK_HEADER = YES;
				CLANG_WARN_RANGE_LOOP_ANALYSIS = YES;
				CLANG_WARN_STRICT_PROTOTYPES = YES;
				CLANG_WARN_SUSPICIOUS_MOVE = YES;
				CLANG_WARN_UNGUARDED_AVAILABILITY = YES_AGGRESSIVE;
				CLANG_WARN_UNREACHABLE_CODE = YES;
				CLANG_WARN__DUPLICATE_METHOD_MATCH = YES;
				COPY_PHASE_STRIP = NO;
				DEBUG_INFORMATION_FORMAT = "dwarf-with-dsym";
				ENABLE_NS_ASSERTIONS = NO;
				ENABLE_STRICT_OBJC_MSGSEND = YES;
				GCC_C_LANGUAGE_STANDARD = gnu11;
				GCC_NO_COMMON_BLOCKS = YES;
				GCC_WARN_64_TO_32_BIT_CONVERSION = YES;
				GCC_WARN_ABOUT_RETURN_TYPE = YES_ERROR;
				GCC_WARN_UNDECLARED_SELECTOR = YES;
				GCC_WARN_UNINITIALIZED_AUTOS = YES_AGGRESSIVE;
				GCC_WARN_UNUSED_FUNCTION = YES;
				GCC_WARN_UNUSED_VARIABLE = YES;
				IPHONEOS_DEPLOYMENT_TARGET = 14.0;
				MTL_ENABLE_DEBUG_INFO = NO;
				MTL_FAST_MATH = YES;
				SDKROOT = iphoneos;
				SWIFT_COMPILATION_MODE = wholemodule;
				SWIFT_OPTIMIZATION_LEVEL = "-O";
				VALIDATE_PRODUCT = YES;
			};
			name = Release;
		};
		C70C7F17250E7A83007F2377 /* Debug */ = {
			isa = XCBuildConfiguration;
			buildSettings = {
				ASSETCATALOG_COMPILER_APPICON_NAME = AppIcon;
				ASSETCATALOG_COMPILER_GLOBAL_ACCENT_COLOR_NAME = AccentColor;
				CODE_SIGN_STYLE = Automatic;
				DEVELOPMENT_ASSET_PATHS = "\"VideoStream/Preview Content\"";
				DEVELOPMENT_TEAM = 4V73ZJ9M9P;
				ENABLE_PREVIEWS = YES;
				INFOPLIST_FILE = VideoStream/Info.plist;
				LD_RUNPATH_SEARCH_PATHS = (
					"$(inherited)",
					"@executable_path/Frameworks",
				);
				PRODUCT_BUNDLE_IDENTIFIER = com.bclab.videostream.VideoStream;
				PRODUCT_NAME = "$(TARGET_NAME)";
				SWIFT_VERSION = 5.0;
				TARGETED_DEVICE_FAMILY = "1,2";
			};
			name = Debug;
		};
		C70C7F18250E7A83007F2377 /* Release */ = {
			isa = XCBuildConfiguration;
			buildSettings = {
				ASSETCATALOG_COMPILER_APPICON_NAME = AppIcon;
				ASSETCATALOG_COMPILER_GLOBAL_ACCENT_COLOR_NAME = AccentColor;
				CODE_SIGN_STYLE = Automatic;
				DEVELOPMENT_ASSET_PATHS = "\"VideoStream/Preview Content\"";
				DEVELOPMENT_TEAM = 4V73ZJ9M9P;
				ENABLE_PREVIEWS = YES;
				INFOPLIST_FILE = VideoStream/Info.plist;
				LD_RUNPATH_SEARCH_PATHS = (
					"$(inherited)",
					"@executable_path/Frameworks",
				);
				PRODUCT_BUNDLE_IDENTIFIER = com.bclab.videostream.VideoStream;
				PRODUCT_NAME = "$(TARGET_NAME)";
				SWIFT_VERSION = 5.0;
				TARGETED_DEVICE_FAMILY = "1,2";
			};
			name = Release;
		};
		C70C7F1A250E7A83007F2377 /* Debug */ = {
			isa = XCBuildConfiguration;
			buildSettings = {
				ALWAYS_EMBED_SWIFT_STANDARD_LIBRARIES = YES;
				BUNDLE_LOADER = "$(TEST_HOST)";
				CODE_SIGN_STYLE = Automatic;
				DEVELOPMENT_TEAM = 4V73ZJ9M9P;
				INFOPLIST_FILE = VideoStreamTests/Info.plist;
				IPHONEOS_DEPLOYMENT_TARGET = 14.0;
				LD_RUNPATH_SEARCH_PATHS = (
					"$(inherited)",
					"@executable_path/Frameworks",
					"@loader_path/Frameworks",
				);
				PRODUCT_BUNDLE_IDENTIFIER = com.bclab.videostream.VideoStreamTests;
				PRODUCT_NAME = "$(TARGET_NAME)";
				SWIFT_VERSION = 5.0;
				TARGETED_DEVICE_FAMILY = "1,2";
				TEST_HOST = "$(BUILT_PRODUCTS_DIR)/VideoStream.app/VideoStream";
			};
			name = Debug;
		};
		C70C7F1B250E7A83007F2377 /* Release */ = {
			isa = XCBuildConfiguration;
			buildSettings = {
				ALWAYS_EMBED_SWIFT_STANDARD_LIBRARIES = YES;
				BUNDLE_LOADER = "$(TEST_HOST)";
				CODE_SIGN_STYLE = Automatic;
				DEVELOPMENT_TEAM = 4V73ZJ9M9P;
				INFOPLIST_FILE = VideoStreamTests/Info.plist;
				IPHONEOS_DEPLOYMENT_TARGET = 14.0;
				LD_RUNPATH_SEARCH_PATHS = (
					"$(inherited)",
					"@executable_path/Frameworks",
					"@loader_path/Frameworks",
				);
				PRODUCT_BUNDLE_IDENTIFIER = com.bclab.videostream.VideoStreamTests;
				PRODUCT_NAME = "$(TARGET_NAME)";
				SWIFT_VERSION = 5.0;
				TARGETED_DEVICE_FAMILY = "1,2";
				TEST_HOST = "$(BUILT_PRODUCTS_DIR)/VideoStream.app/VideoStream";
			};
			name = Release;
		};
		C70C7F1D250E7A83007F2377 /* Debug */ = {
			isa = XCBuildConfiguration;
			buildSettings = {
				ALWAYS_EMBED_SWIFT_STANDARD_LIBRARIES = YES;
				CODE_SIGN_STYLE = Automatic;
				DEVELOPMENT_TEAM = 4V73ZJ9M9P;
				INFOPLIST_FILE = VideoStreamUITests/Info.plist;
				LD_RUNPATH_SEARCH_PATHS = (
					"$(inherited)",
					"@executable_path/Frameworks",
					"@loader_path/Frameworks",
				);
				PRODUCT_BUNDLE_IDENTIFIER = com.bclab.videostream.VideoStreamUITests;
				PRODUCT_NAME = "$(TARGET_NAME)";
				SWIFT_VERSION = 5.0;
				TARGETED_DEVICE_FAMILY = "1,2";
				TEST_TARGET_NAME = VideoStream;
			};
			name = Debug;
		};
		C70C7F1E250E7A83007F2377 /* Release */ = {
			isa = XCBuildConfiguration;
			buildSettings = {
				ALWAYS_EMBED_SWIFT_STANDARD_LIBRARIES = YES;
				CODE_SIGN_STYLE = Automatic;
				DEVELOPMENT_TEAM = 4V73ZJ9M9P;
				INFOPLIST_FILE = VideoStreamUITests/Info.plist;
				LD_RUNPATH_SEARCH_PATHS = (
					"$(inherited)",
					"@executable_path/Frameworks",
					"@loader_path/Frameworks",
				);
				PRODUCT_BUNDLE_IDENTIFIER = com.bclab.videostream.VideoStreamUITests;
				PRODUCT_NAME = "$(TARGET_NAME)";
				SWIFT_VERSION = 5.0;
				TARGETED_DEVICE_FAMILY = "1,2";
				TEST_TARGET_NAME = VideoStream;
			};
			name = Release;
		};
/* End XCBuildConfiguration section */

/* Begin XCConfigurationList section */
		C70C7EE7250E7A80007F2377 /* Build configuration list for PBXProject "VideoStream" */ = {
			isa = XCConfigurationList;
			buildConfigurations = (
				C70C7F14250E7A83007F2377 /* Debug */,
				C70C7F15250E7A83007F2377 /* Release */,
			);
			defaultConfigurationIsVisible = 0;
			defaultConfigurationName = Release;
		};
		C70C7F16250E7A83007F2377 /* Build configuration list for PBXNativeTarget "VideoStream" */ = {
			isa = XCConfigurationList;
			buildConfigurations = (
				C70C7F17250E7A83007F2377 /* Debug */,
				C70C7F18250E7A83007F2377 /* Release */,
			);
			defaultConfigurationIsVisible = 0;
			defaultConfigurationName = Release;
		};
		C70C7F19250E7A83007F2377 /* Build configuration list for PBXNativeTarget "VideoStreamTests" */ = {
			isa = XCConfigurationList;
			buildConfigurations = (
				C70C7F1A250E7A83007F2377 /* Debug */,
				C70C7F1B250E7A83007F2377 /* Release */,
			);
			defaultConfigurationIsVisible = 0;
			defaultConfigurationName = Release;
		};
		C70C7F1C250E7A83007F2377 /* Build configuration list for PBXNativeTarget "VideoStreamUITests" */ = {
			isa = XCConfigurationList;
			buildConfigurations = (
				C70C7F1D250E7A83007F2377 /* Debug */,
				C70C7F1E250E7A83007F2377 /* Release */,
			);
			defaultConfigurationIsVisible = 0;
			defaultConfigurationName = Release;
		};
/* End XCConfigurationList section */

/* Begin XCRemoteSwiftPackageReference section */
		C70C7F1F250E7B51007F2377 /* XCRemoteSwiftPackageReference "Kingfisher" */ = {
			isa = XCRemoteSwiftPackageReference;
			repositoryURL = "https://github.com/onevcat/Kingfisher.git";
			requirement = {
				kind = exactVersion;
				version = 5.15.0;
			};
		};
/* End XCRemoteSwiftPackageReference section */

/* Begin XCSwiftPackageProductDependency section */
		C70C7F20250E7B52007F2377 /* KingfisherSwiftUI */ = {
			isa = XCSwiftPackageProductDependency;
			package = C70C7F1F250E7B51007F2377 /* XCRemoteSwiftPackageReference "Kingfisher" */;
			productName = KingfisherSwiftUI;
		};
/* End XCSwiftPackageProductDependency section */
	};
	rootObject = C70C7EE4250E7A80007F2377 /* Project object */;
}
